
Microsoft Visual Studio Solution File, Format Version 12.00
# Visual Studio Version 17
VisualStudioVersion = 17.10.35027.167
MinimumVisualStudioVersion = 10.0.40219.1
Project("{FAE04EC0-301F-11D3-BF4B-00C04F79EFBC}") = "EvaluationManagerRWA", "EvaluationManagerRWA\EvaluationManagerRWA.csproj", "{FE1C41BA-964A-4499-B22B-D13BBF6505B8}"
EndProject
Global
	GlobalSection(SolutionConfigurationPlatforms) = preSolution
		Debug|Any CPU = Debug|Any CPU
		Release|Any CPU = Release|Any CPU
	EndGlobalSection
	GlobalSection(ProjectConfigurationPlatforms) = postSolution
		{FE1C41BA-964A-4499-B22B-D13BBF6505B8}.Debug|Any CPU.ActiveCfg = Debug|Any CPU
		{FE1C41BA-964A-4499-B22B-D13BBF6505B8}.Debug|Any CPU.Build.0 = Debug|Any CPU
		{FE1C41BA-964A-4499-B22B-D13BBF6505B8}.Release|Any CPU.ActiveCfg = Release|Any CPU
		{FE1C41BA-964A-4499-B22B-D13BBF6505B8}.Release|Any CPU.Build.0 = Release|Any CPU
	EndGlobalSection
	GlobalSection(SolutionProperties) = preSolution
		HideSolutionNode = FALSE
	EndGlobalSection
	GlobalSection(ExtensibilityGlobals) = postSolution
		SolutionGuid = {D30B20E1-0DC0-45C0-B999-672CCC7D8250}
	EndGlobalSection
EndGlobal
